<Solution>
  <Folder Name="/src/">
    <Project Path="src/BeeDayLab.Web/BeeDayLab.Web.csproj" />
  </Folder>
  <Folder Name="/tests/">
    <Project Path="tests/BeeDayLab.ArchitectureTests/BeeDayLab.ArchitectureTests.csproj" />
    <Project Path="tests/BeeDayLab.Web.Tests/BeeDayLab.Web.Tests.csproj" />
  </Folder>
  <Folder Name="/Solution Items/">
    <File Path=".editorconfig" />
    <File Path=".gitattributes" />
    <File Path=".gitignore" />
    <File Path="Directory.Build.props" />
    <File Path="Directory.Packages.props" />
    <File Path="README.md" />
  </Folder>
</Solution>
